<?xml version="1.0" encoding="UTF-8" standalone="yes" ?>
<CodeBlocks_project_file>
	<FileVersion major="1" minor="6" />
	<Project>
		<Option title="gamesdl2" />
		<Option pch_mode="2" />
		<Option compiler="gcc" />
		<Build>
			<Target title="Debug">
				<Option output="bin/Debug/gamesdl2" prefix_auto="1" extension_auto="1" />
				<Option object_output="obj/Debug/" />
				<Option type="1" />
				<Option compiler="gcc" />
				<Compiler>
					<Add option="-g" />
				</Compiler>
			</Target>
			<Target title="Release">
				<Option output="bin/Release/gamesdl2" prefix_auto="1" extension_auto="1" />
				<Option object_output="obj/Release/" />
				<Option type="1" />
				<Option compiler="gcc" />
				<Compiler>
					<Add option="-O2" />
				</Compiler>
				<Linker>
					<Add option="-s" />
				</Linker>
			</Target>
		</Build>
		<Compiler>
			<Add option="-Wall" />
		</Compiler>
		<Unit filename="BaseObject.cpp" />
		<Unit filename="ImpTimer.cpp" />
		<Unit filename="Imptimer.h" />
		<Unit filename="baseobject.h" />
		<Unit filename="bullerobject.cpp" />
		<Unit filename="bullerobject.h" />
		<Unit filename="commonfunc.cpp" />
		<Unit filename="commonfunc.h" />
		<Unit filename="explosionobject.cpp" />
		<Unit filename="explosionobject.h" />
		<Unit filename="gamemap.cpp" />
		<Unit filename="gamemap1.h" />
		<Unit filename="main.cpp" />
		<Unit filename="mainobject.cpp" />
		<Unit filename="mainobject.h" />
		<Unit filename="player_power.cpp" />
		<Unit filename="player_power.h" />
		<Unit filename="textobject.cpp" />
		<Unit filename="textobject.h" />
		<Unit filename="theatsobject.cpp" />
		<Unit filename="theatsobject.h" />
		<Extensions>
			<lib_finder disable_auto="1" />
		</Extensions>
	</Project>
</CodeBlocks_project_file>
